<?xml version="1.0" encoding="utf-8"?>
<Project ToolsVersion="4.0" xmlns:atg="http://atg.xbox.com" xmlns="http://schemas.microsoft.com/developer/msbuild/2003">
  <ItemGroup>
    <Filter Include="Resource Files">
      <UniqueIdentifier>{8e114980-c1a3-4ada-ad7c-83caadf5daeb}</UniqueIdentifier>
      <Extensions>rc;ico;cur;bmp;dlg;rc2;rct;bin;rgs;gif;jpg;jpeg;jpe</Extensions>
    </Filter>
    <Filter Include="DXUT">
      <UniqueIdentifier>{a43c5c25-0e86-4a20-b64a-883785ff74fd}</UniqueIdentifier>
    </Filter>
    <Filter Include="RenderObject">
      <UniqueIdentifier>{4a3e342f-b99a-49a2-b9c5-82cf79eea9d8}</UniqueIdentifier>
    </Filter>
    <Filter Include="MainFile">
      <UniqueIdentifier>{c008ac3f-b770-486d-9853-8bd0d987f87c}</UniqueIdentifier>
    </Filter>
  </ItemGroup>
  <ItemGroup>
    <ClInclude Include="IRenderObject.h">
      <Filter>RenderObject</Filter>
    </ClInclude>
    <ClInclude Include="Triangle.h">
      <Filter>RenderObject</Filter>
    </ClInclude>
    <ClInclude Include="Cube.h">
      <Filter>RenderObject</Filter>
    </ClInclude>
    <ClInclude Include="CubeLight.h">
      <Filter>RenderObject</Filter>
    </ClInclude>
    <ClInclude Include="IObject.h">
      <Filter>RenderObject</Filter>
    </ClInclude>
    <ClInclude Include="Scene.h">
      <Filter>MainFile</Filter>
    </ClInclude>
  </ItemGroup>
  <ItemGroup>
    <ClCompile Include="Triangle.cpp">
      <Filter>RenderObject</Filter>
    </ClCompile>
    <ClCompile Include="Cube.cpp">
      <Filter>RenderObject</Filter>
    </ClCompile>
    <ClCompile Include="CubeLight.cpp">
      <Filter>RenderObject</Filter>
    </ClCompile>
    <ClCompile Include="Scene.cpp">
      <Filter>MainFile</Filter>
    </ClCompile>
    <ClCompile Include="Tutorial01.cpp">
      <Filter>MainFile</Filter>
    </ClCompile>
  </ItemGroup>
  <ItemGroup>
    <CLInclude Include="resource.h">
      <Filter>Resource Files</Filter>
    </CLInclude>
    <ResourceCompile Include="Tutorial01.rc">
      <Filter>Resource Files</Filter>
    </ResourceCompile>
  </ItemGroup>
  <ItemGroup>
    <FxCompile Include="triangle.hlsl" />
    <FxCompile Include="cubelight.hlsl" />
  </ItemGroup>
  <ItemGroup>
    <None Include="cube.hlsl" />
  </ItemGroup>
</Project>