<?xml version="1.0" encoding="utf-8"?>
<Project ToolsVersion="4.0" xmlns:atg="http://atg.xbox.com" xmlns="http://schemas.microsoft.com/developer/msbuild/2003">
  <ItemGroup>
    <Filter Include="Resource Files">
      <UniqueIdentifier>{8e114980-c1a3-4ada-ad7c-83caadf5daeb}</UniqueIdentifier>
      <Extensions>rc;ico;cur;bmp;dlg;rc2;rct;bin;rgs;gif;jpg;jpeg;jpe</Extensions>
    </Filter>
    <Filter Include="RenderObject">
      <UniqueIdentifier>{4a3e342f-b99a-49a2-b9c5-82cf79eea9d8}</UniqueIdentifier>
    </Filter>
    <Filter Include="MainFile">
      <UniqueIdentifier>{c008ac3f-b770-486d-9853-8bd0d987f87c}</UniqueIdentifier>
    </Filter>
    <Filter Include="shader">
      <UniqueIdentifier>{dbae2216-b5a0-497f-9ae2-dd809ac01d91}</UniqueIdentifier>
    </Filter>
    <Filter Include="MeshLoader">
      <UniqueIdentifier>{e4e31775-1afc-4d82-a384-5e6136603999}</UniqueIdentifier>
    </Filter>
    <Filter Include="Common">
      <UniqueIdentifier>{d2432114-8581-4e07-a514-2077409b265d}</UniqueIdentifier>
    </Filter>
    <Filter Include="Input">
      <UniqueIdentifier>{848c10df-d494-4cb5-b15e-ed5870714f59}</UniqueIdentifier>
    </Filter>
    <Filter Include="Scene">
      <UniqueIdentifier>{0106b244-e399-4876-b1d7-3170f4055679}</UniqueIdentifier>
    </Filter>
  </ItemGroup>
  <ItemGroup>
    <ClInclude Include="IRenderObject.h">
      <Filter>RenderObject</Filter>
    </ClInclude>
    <ClInclude Include="Triangle.h">
      <Filter>RenderObject</Filter>
    </ClInclude>
    <ClInclude Include="Cube.h">
      <Filter>RenderObject</Filter>
    </ClInclude>
    <ClInclude Include="CubeLight.h">
      <Filter>RenderObject</Filter>
    </ClInclude>
    <ClInclude Include="IObject.h">
      <Filter>RenderObject</Filter>
    </ClInclude>
    <ClInclude Include="unit.h" />
    <ClInclude Include="BaseRenderObject.h">
      <Filter>RenderObject</Filter>
    </ClInclude>
    <ClInclude Include="Quard.h">
      <Filter>RenderObject</Filter>
    </ClInclude>
    <ClInclude Include="json.hpp">
      <Filter>MeshLoader</Filter>
    </ClInclude>
    <ClInclude Include="tiny_gltf.h">
      <Filter>MeshLoader</Filter>
    </ClInclude>
    <ClInclude Include="GLTFLoader.hpp">
      <Filter>MeshLoader</Filter>
    </ClInclude>
    <ClInclude Include="Common.h">
      <Filter>Common</Filter>
    </ClInclude>
    <ClInclude Include="BasicMath.hpp">
      <Filter>Common</Filter>
    </ClInclude>
    <ClInclude Include="HashUtils.hpp">
      <Filter>Common</Filter>
    </ClInclude>
    <ClInclude Include="GLTF.h">
      <Filter>RenderObject</Filter>
    </ClInclude>
    <ClInclude Include="FirstPersonCamera.hpp">
      <Filter>Input</Filter>
    </ClInclude>
    <ClInclude Include="InputController.hpp">
      <Filter>Input</Filter>
    </ClInclude>
    <ClInclude Include="InputControllerWin32.hpp">
      <Filter>Input</Filter>
    </ClInclude>
    <ClInclude Include="Timer.hpp">
      <Filter>Common</Filter>
    </ClInclude>
    <ClInclude Include="Scene.h">
      <Filter>Scene</Filter>
    </ClInclude>
    <ClInclude Include="Light.h">
      <Filter>Scene</Filter>
    </ClInclude>
    <ClInclude Include="Terrain.h">
      <Filter>RenderObject</Filter>
    </ClInclude>
  </ItemGroup>
  <ItemGroup>
    <ClCompile Include="Triangle.cpp">
      <Filter>RenderObject</Filter>
    </ClCompile>
    <ClCompile Include="Cube.cpp">
      <Filter>RenderObject</Filter>
    </ClCompile>
    <ClCompile Include="CubeLight.cpp">
      <Filter>RenderObject</Filter>
    </ClCompile>
    <ClCompile Include="Tutorial01.cpp">
      <Filter>MainFile</Filter>
    </ClCompile>
    <ClCompile Include="BaseRenderObject.cpp">
      <Filter>RenderObject</Filter>
    </ClCompile>
    <ClCompile Include="Quard.cpp">
      <Filter>RenderObject</Filter>
    </ClCompile>
    <ClCompile Include="GLTFLoader.cpp">
      <Filter>MeshLoader</Filter>
    </ClCompile>
    <ClCompile Include="Common.cpp">
      <Filter>Common</Filter>
    </ClCompile>
    <ClCompile Include="GLTF.cpp">
      <Filter>RenderObject</Filter>
    </ClCompile>
    <ClCompile Include="FirstPersonCamera.cpp">
      <Filter>Input</Filter>
    </ClCompile>
    <ClCompile Include="InputControllerWin32.cpp">
      <Filter>Input</Filter>
    </ClCompile>
    <ClCompile Include="Timer.cpp">
      <Filter>Common</Filter>
    </ClCompile>
    <ClCompile Include="Scene.cpp">
      <Filter>Scene</Filter>
    </ClCompile>
    <ClCompile Include="Light.cpp">
      <Filter>Scene</Filter>
    </ClCompile>
    <ClCompile Include="Terrain.cpp">
      <Filter>RenderObject</Filter>
    </ClCompile>
  </ItemGroup>
  <ItemGroup>
    <CLInclude Include="resource.h">
      <Filter>Resource Files</Filter>
    </CLInclude>
    <ResourceCompile Include="Tutorial01.rc">
      <Filter>Resource Files</Filter>
    </ResourceCompile>
  </ItemGroup>
  <ItemGroup>
    <FxCompile Include="cubelight.hlsl">
      <Filter>shader</Filter>
    </FxCompile>
    <FxCompile Include="triangle.hlsl">
      <Filter>shader</Filter>
    </FxCompile>
    <FxCompile Include="gltfmodel.hlsl">
      <Filter>shader</Filter>
    </FxCompile>
    <FxCompile Include="terrain.hlsl">
      <Filter>shader</Filter>
    </FxCompile>
  </ItemGroup>
  <ItemGroup>
    <None Include="cube.hlsl">
      <Filter>shader</Filter>
    </None>
    <None Include="quard.hlsl">
      <Filter>shader</Filter>
    </None>
    <None Include="3rdsdk\FreeImage\FreeImage.2013.vcxproj" />
  </ItemGroup>
</Project>